
Microsoft Visual Studio Solution File, Format Version 12.00
# Visual Studio Version 17
VisualStudioVersion = 17.13.35825.156 d17.13
MinimumVisualStudioVersion = 10.0.40219.1
Project("{FAE04EC0-301F-11D3-BF4B-00C04F79EFBC}") = "RBACWebAPI", "RBACWebAPI\RBACWebAPI.csproj", "{085F2B61-3177-414D-9123-72DCA247B601}"
EndProject
Global
	GlobalSection(SolutionConfigurationPlatforms) = preSolution
		Debug|Any CPU = Debug|Any CPU
		Release|Any CPU = Release|Any CPU
	EndGlobalSection
	GlobalSection(ProjectConfigurationPlatforms) = postSolution
		{085F2B61-3177-414D-9123-72DCA247B601}.Debug|Any CPU.ActiveCfg = Debug|Any CPU
		{085F2B61-3177-414D-9123-72DCA247B601}.Debug|Any CPU.Build.0 = Debug|Any CPU
		{085F2B61-3177-414D-9123-72DCA247B601}.Release|Any CPU.ActiveCfg = Release|Any CPU
		{085F2B61-3177-414D-9123-72DCA247B601}.Release|Any CPU.Build.0 = Release|Any CPU
	EndGlobalSection
	GlobalSection(SolutionProperties) = preSolution
		HideSolutionNode = FALSE
	EndGlobalSection
	GlobalSection(ExtensibilityGlobals) = postSolution
		SolutionGuid = {5F9C9217-65A5-43CC-88DE-34F63BD1468E}
	EndGlobalSection
EndGlobal
